
Microsoft Visual Studio Solution File, Format Version 12.00
# Visual Studio Version 16
VisualStudioVersion = 16.6.30114.105
MinimumVisualStudioVersion = 10.0.40219.1
Project("{2150E333-8FDC-42A3-9474-1A3956D46DE8}") = "src", "src", "{A840B516-7194-4863-B2E7-D3FFEAD4B0EC}"
EndProject
Project("{2150E333-8FDC-42A3-9474-1A3956D46DE8}") = "Building Blocks", "Building Blocks", "{9D4F0875-33BF-40EC-995D-8815D84B3636}"
EndProject
Project("{2150E333-8FDC-42A3-9474-1A3956D46DE8}") = "Services", "Services", "{F87FAC35-C1E4-4A87-981C-03D0CC652FD9}"
EndProject
Project("{2150E333-8FDC-42A3-9474-1A3956D46DE8}") = "Web", "Web", "{04D1D797-316D-47E4-A423-F2D778E964F6}"
EndProject
Project("{2150E333-8FDC-42A3-9474-1A3956D46DE8}") = "Identidade", "Identidade", "{CCCE3E49-7B51-4FBB-8202-9F4A1C725D3D}"
EndProject
Project("{FAE04EC0-301F-11D3-BF4B-00C04F79EFBC}") = "Nse.Identidade.Api", "src\services\Nse.Identidade.Api\Nse.Identidade.Api.csproj", "{44B57D9B-09CD-4684-AA4C-5D12C0FAABEE}"
EndProject
Project("{2150E333-8FDC-42A3-9474-1A3956D46DE8}") = "MVC", "MVC", "{B76FA037-134A-4D93-8D7B-0BC82550E86F}"
EndProject
Project("{2150E333-8FDC-42A3-9474-1A3956D46DE8}") = "Core", "Core", "{3926ACC2-26EB-40D2-9F13-3AA196A871CD}"
EndProject
Project("{FAE04EC0-301F-11D3-BF4B-00C04F79EFBC}") = "Nse.Core", "src\building blocks\Nse.Core\Nse.Core.csproj", "{07382386-F78C-407D-82DA-9401809EDA53}"
EndProject
Project("{FAE04EC0-301F-11D3-BF4B-00C04F79EFBC}") = "Nse.WebApp.Administracao", "src\web\Nse.WebApp.Administracao\Nse.WebApp.Administracao.csproj", "{1D8DE093-6BCA-4FAF-AA56-BA4AD42CF5D0}"
EndProject
Project("{2150E333-8FDC-42A3-9474-1A3956D46DE8}") = "Carrinho", "Carrinho", "{1C88FC10-133C-4B87-8934-11D1293F72F5}"
EndProject
Project("{2150E333-8FDC-42A3-9474-1A3956D46DE8}") = "Catalogo", "Catalogo", "{4F4E1E24-B8B4-4DCB-AA50-7B56B35487BB}"
EndProject
Project("{2150E333-8FDC-42A3-9474-1A3956D46DE8}") = "Cliente", "Cliente", "{87FCCAAF-3075-4910-BC62-98BEFF2049EE}"
EndProject
Project("{2150E333-8FDC-42A3-9474-1A3956D46DE8}") = "Pagamento", "Pagamento", "{88B36C0D-4683-48D5-90EF-4E1CF56B1C25}"
EndProject
Project("{2150E333-8FDC-42A3-9474-1A3956D46DE8}") = "Pedido", "Pedido", "{0B836D09-58EE-4901-A026-B7C51FC4C3CB}"
EndProject
Project("{FAE04EC0-301F-11D3-BF4B-00C04F79EFBC}") = "Nse.Carrinho.Api", "src\services\Nse.Carrinho.Api\Nse.Carrinho.Api.csproj", "{7F4A8369-B131-4E36-9E38-F65166791807}"
EndProject
Project("{FAE04EC0-301F-11D3-BF4B-00C04F79EFBC}") = "Nse.Catalogo.Api", "src\services\Nse.Catalogo.Api\Nse.Catalogo.Api.csproj", "{B5A83B01-6E8A-49B1-82CF-5D18E73EBFD4}"
EndProject
Project("{FAE04EC0-301F-11D3-BF4B-00C04F79EFBC}") = "Nse.Client.Api", "src\services\Nse.Client.Api\Nse.Client.Api.csproj", "{AD7350E1-D8C7-4864-89A6-6ED2057ACE5A}"
EndProject
Project("{FAE04EC0-301F-11D3-BF4B-00C04F79EFBC}") = "Nse.Pagamento.Api", "src\services\Nse.Pagamento.Api\Nse.Pagamento.Api.csproj", "{7723795E-84C9-418E-9EB7-D5AB00C98C12}"
EndProject
Project("{FAE04EC0-301F-11D3-BF4B-00C04F79EFBC}") = "Nse.Pedido.Api", "src\services\Nse.Pedido.Api\Nse.Pedido.Api.csproj", "{DF33B5F2-B58D-4EC7-B4B8-02220FDFE321}"
EndProject
Global
	GlobalSection(SolutionConfigurationPlatforms) = preSolution
		Debug|Any CPU = Debug|Any CPU
		Debug|x64 = Debug|x64
		Debug|x86 = Debug|x86
		Release|Any CPU = Release|Any CPU
		Release|x64 = Release|x64
		Release|x86 = Release|x86
	EndGlobalSection
	GlobalSection(ProjectConfigurationPlatforms) = postSolution
		{44B57D9B-09CD-4684-AA4C-5D12C0FAABEE}.Debug|Any CPU.ActiveCfg = Debug|Any CPU
		{44B57D9B-09CD-4684-AA4C-5D12C0FAABEE}.Debug|Any CPU.Build.0 = Debug|Any CPU
		{44B57D9B-09CD-4684-AA4C-5D12C0FAABEE}.Debug|x64.ActiveCfg = Debug|Any CPU
		{44B57D9B-09CD-4684-AA4C-5D12C0FAABEE}.Debug|x64.Build.0 = Debug|Any CPU
		{44B57D9B-09CD-4684-AA4C-5D12C0FAABEE}.Debug|x86.ActiveCfg = Debug|Any CPU
		{44B57D9B-09CD-4684-AA4C-5D12C0FAABEE}.Debug|x86.Build.0 = Debug|Any CPU
		{44B57D9B-09CD-4684-AA4C-5D12C0FAABEE}.Release|Any CPU.ActiveCfg = Release|Any CPU
		{44B57D9B-09CD-4684-AA4C-5D12C0FAABEE}.Release|Any CPU.Build.0 = Release|Any CPU
		{44B57D9B-09CD-4684-AA4C-5D12C0FAABEE}.Release|x64.ActiveCfg = Release|Any CPU
		{44B57D9B-09CD-4684-AA4C-5D12C0FAABEE}.Release|x64.Build.0 = Release|Any CPU
		{44B57D9B-09CD-4684-AA4C-5D12C0FAABEE}.Release|x86.ActiveCfg = Release|Any CPU
		{44B57D9B-09CD-4684-AA4C-5D12C0FAABEE}.Release|x86.Build.0 = Release|Any CPU
		{07382386-F78C-407D-82DA-9401809EDA53}.Debug|Any CPU.ActiveCfg = Debug|Any CPU
		{07382386-F78C-407D-82DA-9401809EDA53}.Debug|Any CPU.Build.0 = Debug|Any CPU
		{07382386-F78C-407D-82DA-9401809EDA53}.Debug|x64.ActiveCfg = Debug|Any CPU
		{07382386-F78C-407D-82DA-9401809EDA53}.Debug|x64.Build.0 = Debug|Any CPU
		{07382386-F78C-407D-82DA-9401809EDA53}.Debug|x86.ActiveCfg = Debug|Any CPU
		{07382386-F78C-407D-82DA-9401809EDA53}.Debug|x86.Build.0 = Debug|Any CPU
		{07382386-F78C-407D-82DA-9401809EDA53}.Release|Any CPU.ActiveCfg = Release|Any CPU
		{07382386-F78C-407D-82DA-9401809EDA53}.Release|Any CPU.Build.0 = Release|Any CPU
		{07382386-F78C-407D-82DA-9401809EDA53}.Release|x64.ActiveCfg = Release|Any CPU
		{07382386-F78C-407D-82DA-9401809EDA53}.Release|x64.Build.0 = Release|Any CPU
		{07382386-F78C-407D-82DA-9401809EDA53}.Release|x86.ActiveCfg = Release|Any CPU
		{07382386-F78C-407D-82DA-9401809EDA53}.Release|x86.Build.0 = Release|Any CPU
		{1D8DE093-6BCA-4FAF-AA56-BA4AD42CF5D0}.Debug|Any CPU.ActiveCfg = Debug|Any CPU
		{1D8DE093-6BCA-4FAF-AA56-BA4AD42CF5D0}.Debug|Any CPU.Build.0 = Debug|Any CPU
		{1D8DE093-6BCA-4FAF-AA56-BA4AD42CF5D0}.Debug|x64.ActiveCfg = Debug|Any CPU
		{1D8DE093-6BCA-4FAF-AA56-BA4AD42CF5D0}.Debug|x64.Build.0 = Debug|Any CPU
		{1D8DE093-6BCA-4FAF-AA56-BA4AD42CF5D0}.Debug|x86.ActiveCfg = Debug|Any CPU
		{1D8DE093-6BCA-4FAF-AA56-BA4AD42CF5D0}.Debug|x86.Build.0 = Debug|Any CPU
		{1D8DE093-6BCA-4FAF-AA56-BA4AD42CF5D0}.Release|Any CPU.ActiveCfg = Release|Any CPU
		{1D8DE093-6BCA-4FAF-AA56-BA4AD42CF5D0}.Release|Any CPU.Build.0 = Release|Any CPU
		{1D8DE093-6BCA-4FAF-AA56-BA4AD42CF5D0}.Release|x64.ActiveCfg = Release|Any CPU
		{1D8DE093-6BCA-4FAF-AA56-BA4AD42CF5D0}.Release|x64.Build.0 = Release|Any CPU
		{1D8DE093-6BCA-4FAF-AA56-BA4AD42CF5D0}.Release|x86.ActiveCfg = Release|Any CPU
		{1D8DE093-6BCA-4FAF-AA56-BA4AD42CF5D0}.Release|x86.Build.0 = Release|Any CPU
		{7F4A8369-B131-4E36-9E38-F65166791807}.Debug|Any CPU.ActiveCfg = Debug|Any CPU
		{7F4A8369-B131-4E36-9E38-F65166791807}.Debug|Any CPU.Build.0 = Debug|Any CPU
		{7F4A8369-B131-4E36-9E38-F65166791807}.Debug|x64.ActiveCfg = Debug|Any CPU
		{7F4A8369-B131-4E36-9E38-F65166791807}.Debug|x64.Build.0 = Debug|Any CPU
		{7F4A8369-B131-4E36-9E38-F65166791807}.Debug|x86.ActiveCfg = Debug|Any CPU
		{7F4A8369-B131-4E36-9E38-F65166791807}.Debug|x86.Build.0 = Debug|Any CPU
		{7F4A8369-B131-4E36-9E38-F65166791807}.Release|Any CPU.ActiveCfg = Release|Any CPU
		{7F4A8369-B131-4E36-9E38-F65166791807}.Release|Any CPU.Build.0 = Release|Any CPU
		{7F4A8369-B131-4E36-9E38-F65166791807}.Release|x64.ActiveCfg = Release|Any CPU
		{7F4A8369-B131-4E36-9E38-F65166791807}.Release|x64.Build.0 = Release|Any CPU
		{7F4A8369-B131-4E36-9E38-F65166791807}.Release|x86.ActiveCfg = Release|Any CPU
		{7F4A8369-B131-4E36-9E38-F65166791807}.Release|x86.Build.0 = Release|Any CPU
		{B5A83B01-6E8A-49B1-82CF-5D18E73EBFD4}.Debug|Any CPU.ActiveCfg = Debug|Any CPU
		{B5A83B01-6E8A-49B1-82CF-5D18E73EBFD4}.Debug|Any CPU.Build.0 = Debug|Any CPU
		{B5A83B01-6E8A-49B1-82CF-5D18E73EBFD4}.Debug|x64.ActiveCfg = Debug|Any CPU
		{B5A83B01-6E8A-49B1-82CF-5D18E73EBFD4}.Debug|x64.Build.0 = Debug|Any CPU
		{B5A83B01-6E8A-49B1-82CF-5D18E73EBFD4}.Debug|x86.ActiveCfg = Debug|Any CPU
		{B5A83B01-6E8A-49B1-82CF-5D18E73EBFD4}.Debug|x86.Build.0 = Debug|Any CPU
		{B5A83B01-6E8A-49B1-82CF-5D18E73EBFD4}.Release|Any CPU.ActiveCfg = Release|Any CPU
		{B5A83B01-6E8A-49B1-82CF-5D18E73EBFD4}.Release|Any CPU.Build.0 = Release|Any CPU
		{B5A83B01-6E8A-49B1-82CF-5D18E73EBFD4}.Release|x64.ActiveCfg = Release|Any CPU
		{B5A83B01-6E8A-49B1-82CF-5D18E73EBFD4}.Release|x64.Build.0 = Release|Any CPU
		{B5A83B01-6E8A-49B1-82CF-5D18E73EBFD4}.Release|x86.ActiveCfg = Release|Any CPU
		{B5A83B01-6E8A-49B1-82CF-5D18E73EBFD4}.Release|x86.Build.0 = Release|Any CPU
		{AD7350E1-D8C7-4864-89A6-6ED2057ACE5A}.Debug|Any CPU.ActiveCfg = Debug|Any CPU
		{AD7350E1-D8C7-4864-89A6-6ED2057ACE5A}.Debug|Any CPU.Build.0 = Debug|Any CPU
		{AD7350E1-D8C7-4864-89A6-6ED2057ACE5A}.Debug|x64.ActiveCfg = Debug|Any CPU
		{AD7350E1-D8C7-4864-89A6-6ED2057ACE5A}.Debug|x64.Build.0 = Debug|Any CPU
		{AD7350E1-D8C7-4864-89A6-6ED2057ACE5A}.Debug|x86.ActiveCfg = Debug|Any CPU
		{AD7350E1-D8C7-4864-89A6-6ED2057ACE5A}.Debug|x86.Build.0 = Debug|Any CPU
		{AD7350E1-D8C7-4864-89A6-6ED2057ACE5A}.Release|Any CPU.ActiveCfg = Release|Any CPU
		{AD7350E1-D8C7-4864-89A6-6ED2057ACE5A}.Release|Any CPU.Build.0 = Release|Any CPU
		{AD7350E1-D8C7-4864-89A6-6ED2057ACE5A}.Release|x64.ActiveCfg = Release|Any CPU
		{AD7350E1-D8C7-4864-89A6-6ED2057ACE5A}.Release|x64.Build.0 = Release|Any CPU
		{AD7350E1-D8C7-4864-89A6-6ED2057ACE5A}.Release|x86.ActiveCfg = Release|Any CPU
		{AD7350E1-D8C7-4864-89A6-6ED2057ACE5A}.Release|x86.Build.0 = Release|Any CPU
		{7723795E-84C9-418E-9EB7-D5AB00C98C12}.Debug|Any CPU.ActiveCfg = Debug|Any CPU
		{7723795E-84C9-418E-9EB7-D5AB00C98C12}.Debug|Any CPU.Build.0 = Debug|Any CPU
		{7723795E-84C9-418E-9EB7-D5AB00C98C12}.Debug|x64.ActiveCfg = Debug|Any CPU
		{7723795E-84C9-418E-9EB7-D5AB00C98C12}.Debug|x64.Build.0 = Debug|Any CPU
		{7723795E-84C9-418E-9EB7-D5AB00C98C12}.Debug|x86.ActiveCfg = Debug|Any CPU
		{7723795E-84C9-418E-9EB7-D5AB00C98C12}.Debug|x86.Build.0 = Debug|Any CPU
		{7723795E-84C9-418E-9EB7-D5AB00C98C12}.Release|Any CPU.ActiveCfg = Release|Any CPU
		{7723795E-84C9-418E-9EB7-D5AB00C98C12}.Release|Any CPU.Build.0 = Release|Any CPU
		{7723795E-84C9-418E-9EB7-D5AB00C98C12}.Release|x64.ActiveCfg = Release|Any CPU
		{7723795E-84C9-418E-9EB7-D5AB00C98C12}.Release|x64.Build.0 = Release|Any CPU
		{7723795E-84C9-418E-9EB7-D5AB00C98C12}.Release|x86.ActiveCfg = Release|Any CPU
		{7723795E-84C9-418E-9EB7-D5AB00C98C12}.Release|x86.Build.0 = Release|Any CPU
		{DF33B5F2-B58D-4EC7-B4B8-02220FDFE321}.Debug|Any CPU.ActiveCfg = Debug|Any CPU
		{DF33B5F2-B58D-4EC7-B4B8-02220FDFE321}.Debug|Any CPU.Build.0 = Debug|Any CPU
		{DF33B5F2-B58D-4EC7-B4B8-02220FDFE321}.Debug|x64.ActiveCfg = Debug|Any CPU
		{DF33B5F2-B58D-4EC7-B4B8-02220FDFE321}.Debug|x64.Build.0 = Debug|Any CPU
		{DF33B5F2-B58D-4EC7-B4B8-02220FDFE321}.Debug|x86.ActiveCfg = Debug|Any CPU
		{DF33B5F2-B58D-4EC7-B4B8-02220FDFE321}.Debug|x86.Build.0 = Debug|Any CPU
		{DF33B5F2-B58D-4EC7-B4B8-02220FDFE321}.Release|Any CPU.ActiveCfg = Release|Any CPU
		{DF33B5F2-B58D-4EC7-B4B8-02220FDFE321}.Release|Any CPU.Build.0 = Release|Any CPU
		{DF33B5F2-B58D-4EC7-B4B8-02220FDFE321}.Release|x64.ActiveCfg = Release|Any CPU
		{DF33B5F2-B58D-4EC7-B4B8-02220FDFE321}.Release|x64.Build.0 = Release|Any CPU
		{DF33B5F2-B58D-4EC7-B4B8-02220FDFE321}.Release|x86.ActiveCfg = Release|Any CPU
		{DF33B5F2-B58D-4EC7-B4B8-02220FDFE321}.Release|x86.Build.0 = Release|Any CPU
	EndGlobalSection
	GlobalSection(SolutionProperties) = preSolution
		HideSolutionNode = FALSE
	EndGlobalSection
	GlobalSection(NestedProjects) = preSolution
		{9D4F0875-33BF-40EC-995D-8815D84B3636} = {A840B516-7194-4863-B2E7-D3FFEAD4B0EC}
		{F87FAC35-C1E4-4A87-981C-03D0CC652FD9} = {A840B516-7194-4863-B2E7-D3FFEAD4B0EC}
		{04D1D797-316D-47E4-A423-F2D778E964F6} = {A840B516-7194-4863-B2E7-D3FFEAD4B0EC}
		{CCCE3E49-7B51-4FBB-8202-9F4A1C725D3D} = {F87FAC35-C1E4-4A87-981C-03D0CC652FD9}
		{44B57D9B-09CD-4684-AA4C-5D12C0FAABEE} = {CCCE3E49-7B51-4FBB-8202-9F4A1C725D3D}
		{B76FA037-134A-4D93-8D7B-0BC82550E86F} = {04D1D797-316D-47E4-A423-F2D778E964F6}
		{3926ACC2-26EB-40D2-9F13-3AA196A871CD} = {9D4F0875-33BF-40EC-995D-8815D84B3636}
		{07382386-F78C-407D-82DA-9401809EDA53} = {3926ACC2-26EB-40D2-9F13-3AA196A871CD}
		{1D8DE093-6BCA-4FAF-AA56-BA4AD42CF5D0} = {B76FA037-134A-4D93-8D7B-0BC82550E86F}
		{1C88FC10-133C-4B87-8934-11D1293F72F5} = {F87FAC35-C1E4-4A87-981C-03D0CC652FD9}
		{4F4E1E24-B8B4-4DCB-AA50-7B56B35487BB} = {F87FAC35-C1E4-4A87-981C-03D0CC652FD9}
		{87FCCAAF-3075-4910-BC62-98BEFF2049EE} = {F87FAC35-C1E4-4A87-981C-03D0CC652FD9}
		{88B36C0D-4683-48D5-90EF-4E1CF56B1C25} = {F87FAC35-C1E4-4A87-981C-03D0CC652FD9}
		{0B836D09-58EE-4901-A026-B7C51FC4C3CB} = {F87FAC35-C1E4-4A87-981C-03D0CC652FD9}
		{7F4A8369-B131-4E36-9E38-F65166791807} = {1C88FC10-133C-4B87-8934-11D1293F72F5}
		{B5A83B01-6E8A-49B1-82CF-5D18E73EBFD4} = {4F4E1E24-B8B4-4DCB-AA50-7B56B35487BB}
		{AD7350E1-D8C7-4864-89A6-6ED2057ACE5A} = {87FCCAAF-3075-4910-BC62-98BEFF2049EE}
		{7723795E-84C9-418E-9EB7-D5AB00C98C12} = {88B36C0D-4683-48D5-90EF-4E1CF56B1C25}
		{DF33B5F2-B58D-4EC7-B4B8-02220FDFE321} = {0B836D09-58EE-4901-A026-B7C51FC4C3CB}
	EndGlobalSection
	GlobalSection(ExtensibilityGlobals) = postSolution
		SolutionGuid = {DFD795F7-FA6A-4039-817C-88DB17789951}
	EndGlobalSection
EndGlobal
